
Microsoft Visual Studio Solution File, Format Version 12.00
# Visual Studio Version 16
VisualStudioVersion = 16.0.31112.23
MinimumVisualStudioVersion = 10.0.40219.1
Project("{FAE04EC0-301F-11D3-BF4B-00C04F79EFBC}") = "VideoExplicativo", "VideoExplicativo\VideoExplicativo.csproj", "{099ECA55-DD45-46C9-8585-5A592BED46BF}"
EndProject
Global
	GlobalSection(SolutionConfigurationPlatforms) = preSolution
		Debug|Any CPU = Debug|Any CPU
		Release|Any CPU = Release|Any CPU
	EndGlobalSection
	GlobalSection(ProjectConfigurationPlatforms) = postSolution
		{099ECA55-DD45-46C9-8585-5A592BED46BF}.Debug|Any CPU.ActiveCfg = Debug|Any CPU
		{099ECA55-DD45-46C9-8585-5A592BED46BF}.Debug|Any CPU.Build.0 = Debug|Any CPU
		{099ECA55-DD45-46C9-8585-5A592BED46BF}.Release|Any CPU.ActiveCfg = Release|Any CPU
		{099ECA55-DD45-46C9-8585-5A592BED46BF}.Release|Any CPU.Build.0 = Release|Any CPU
	EndGlobalSection
	GlobalSection(SolutionProperties) = preSolution
		HideSolutionNode = FALSE
	EndGlobalSection
	GlobalSection(ExtensibilityGlobals) = postSolution
		SolutionGuid = {5E52C98E-1787-4BA6-A93D-2E02538676DB}
	EndGlobalSection
EndGlobal
